// !$*UTF8*$!
{
	archiveVersion = 1;
	classes = {
	};
	objectVersion = 48;
	objects = {

/* Begin PBXBuildFile section */
		01464C2914785CB7FF009DC8 /* Pods_finalYearApp.framework in Frameworks */ = {isa = PBXBuildFile; fileRef = A8016739C17AA56DC054197F /* Pods_finalYearApp.framework */; };
		3F2FE75A202B025B0072E102 /* UIViewExtension.swift in Sources */ = {isa = PBXBuildFile; fileRef = 3F2FE759202B025B0072E102 /* UIViewExtension.swift */; };
		3F2FE75C202B04340072E102 /* ColourConstants.swift in Sources */ = {isa = PBXBuildFile; fileRef = 3F2FE75B202B04340072E102 /* ColourConstants.swift */; };
		3F3925662020D9860028580A /* ProfileViewController.swift in Sources */ = {isa = PBXBuildFile; fileRef = 3F3925652020D9860028580A /* ProfileViewController.swift */; };
		3F39256820210F420028580A /* LaunchViewController.swift in Sources */ = {isa = PBXBuildFile; fileRef = 3F39256720210F420028580A /* LaunchViewController.swift */; };
		3F39256A2024784A0028580A /* LoginViewController.swift in Sources */ = {isa = PBXBuildFile; fileRef = 3F3925692024784A0028580A /* LoginViewController.swift */; };
		3F6BC5C6201A3F2A00675F76 /* LoggedInViewController.swift in Sources */ = {isa = PBXBuildFile; fileRef = 3F6BC5C5201A3F2A00675F76 /* LoggedInViewController.swift */; };
		3FBC8CAA201F311E0082F993 /* CameraViewController.swift in Sources */ = {isa = PBXBuildFile; fileRef = 3FBC8CA9201F311E0082F993 /* CameraViewController.swift */; };
		3FD23631201A32D600E20854 /* AppDelegate.swift in Sources */ = {isa = PBXBuildFile; fileRef = 3FD23630201A32D600E20854 /* AppDelegate.swift */; };
		3FD23636201A32D600E20854 /* Main.storyboard in Resources */ = {isa = PBXBuildFile; fileRef = 3FD23634201A32D600E20854 /* Main.storyboard */; };
		3FD23638201A32D600E20854 /* Assets.xcassets in Resources */ = {isa = PBXBuildFile; fileRef = 3FD23637201A32D600E20854 /* Assets.xcassets */; };
		3FD2363B201A32D600E20854 /* LaunchScreen.storyboard in Resources */ = {isa = PBXBuildFile; fileRef = 3FD23639201A32D600E20854 /* LaunchScreen.storyboard */; };
		3FD23643201A33A600E20854 /* GoogleService-Info.plist in Resources */ = {isa = PBXBuildFile; fileRef = 3FD23642201A33A600E20854 /* GoogleService-Info.plist */; };
		3FEA303320248FF8008C1D24 /* UploadImageManager.swift in Sources */ = {isa = PBXBuildFile; fileRef = 3FEA303220248FF8008C1D24 /* UploadImageManager.swift */; };
		3FEA303520249076008C1D24 /* PostStorage.swift in Sources */ = {isa = PBXBuildFile; fileRef = 3FEA303420249076008C1D24 /* PostStorage.swift */; };
		3FEA30372028BAD4008C1D24 /* CreateNewUserViewController.swift in Sources */ = {isa = PBXBuildFile; fileRef = 3FEA30362028BAD4008C1D24 /* CreateNewUserViewController.swift */; };
/* End PBXBuildFile section */

/* Begin PBXFileReference section */
		3F2FE759202B025B0072E102 /* UIViewExtension.swift */ = {isa = PBXFileReference; lastKnownFileType = sourcecode.swift; path = UIViewExtension.swift; sourceTree = "<group>"; };
		3F2FE75B202B04340072E102 /* ColourConstants.swift */ = {isa = PBXFileReference; lastKnownFileType = sourcecode.swift; path = ColourConstants.swift; sourceTree = "<group>"; };
		3F3925652020D9860028580A /* ProfileViewController.swift */ = {isa = PBXFileReference; lastKnownFileType = sourcecode.swift; path = ProfileViewController.swift; sourceTree = "<group>"; };
		3F39256720210F420028580A /* LaunchViewController.swift */ = {isa = PBXFileReference; lastKnownFileType = sourcecode.swift; path = LaunchViewController.swift; sourceTree = "<group>"; };
		3F3925692024784A0028580A /* LoginViewController.swift */ = {isa = PBXFileReference; fileEncoding = 4; lastKnownFileType = sourcecode.swift; path = LoginViewController.swift; sourceTree = "<group>"; };
		3F6BC5C5201A3F2A00675F76 /* LoggedInViewController.swift */ = {isa = PBXFileReference; lastKnownFileType = sourcecode.swift; name = LoggedInViewController.swift; path = "/Users/Student/Documents/Grad Project/finalYearApp/finalYearApp/LoggedInViewController.swift"; sourceTree = "<absolute>"; };
		3FBC8CA9201F311E0082F993 /* CameraViewController.swift */ = {isa = PBXFileReference; lastKnownFileType = sourcecode.swift; path = CameraViewController.swift; sourceTree = "<group>"; };
		3FD2362D201A32D600E20854 /* finalYearApp.app */ = {isa = PBXFileReference; explicitFileType = wrapper.application; includeInIndex = 0; path = finalYearApp.app; sourceTree = BUILT_PRODUCTS_DIR; };
		3FD23630201A32D600E20854 /* AppDelegate.swift */ = {isa = PBXFileReference; lastKnownFileType = sourcecode.swift; path = AppDelegate.swift; sourceTree = "<group>"; };
		3FD23635201A32D600E20854 /* Base */ = {isa = PBXFileReference; lastKnownFileType = file.storyboard; name = Base; path = Base.lproj/Main.storyboard; sourceTree = "<group>"; };
		3FD23637201A32D600E20854 /* Assets.xcassets */ = {isa = PBXFileReference; lastKnownFileType = folder.assetcatalog; path = Assets.xcassets; sourceTree = "<group>"; };
		3FD2363A201A32D600E20854 /* Base */ = {isa = PBXFileReference; lastKnownFileType = file.storyboard; name = Base; path = Base.lproj/LaunchScreen.storyboard; sourceTree = "<group>"; };
		3FD2363C201A32D600E20854 /* Info.plist */ = {isa = PBXFileReference; lastKnownFileType = text.plist.xml; path = Info.plist; sourceTree = "<group>"; };
		3FD23642201A33A600E20854 /* GoogleService-Info.plist */ = {isa = PBXFileReference; fileEncoding = 4; lastKnownFileType = text.plist.xml; path = "GoogleService-Info.plist"; sourceTree = "<group>"; };
		3FEA303220248FF8008C1D24 /* UploadImageManager.swift */ = {isa = PBXFileReference; lastKnownFileType = sourcecode.swift; path = UploadImageManager.swift; sourceTree = "<group>"; };
		3FEA303420249076008C1D24 /* PostStorage.swift */ = {isa = PBXFileReference; lastKnownFileType = sourcecode.swift; path = PostStorage.swift; sourceTree = "<group>"; };
		3FEA30362028BAD4008C1D24 /* CreateNewUserViewController.swift */ = {isa = PBXFileReference; lastKnownFileType = sourcecode.swift; path = CreateNewUserViewController.swift; sourceTree = "<group>"; };
		7A49D4354D535886B146CE99 /* Pods-finalYearApp.debug.xcconfig */ = {isa = PBXFileReference; includeInIndex = 1; lastKnownFileType = text.xcconfig; name = "Pods-finalYearApp.debug.xcconfig"; path = "Pods/Target Support Files/Pods-finalYearApp/Pods-finalYearApp.debug.xcconfig"; sourceTree = "<group>"; };
		A8016739C17AA56DC054197F /* Pods_finalYearApp.framework */ = {isa = PBXFileReference; explicitFileType = wrapper.framework; includeInIndex = 0; path = Pods_finalYearApp.framework; sourceTree = BUILT_PRODUCTS_DIR; };
		B25485103249F0F6C0179F90 /* Pods-finalYearApp.release.xcconfig */ = {isa = PBXFileReference; includeInIndex = 1; lastKnownFileType = text.xcconfig; name = "Pods-finalYearApp.release.xcconfig"; path = "Pods/Target Support Files/Pods-finalYearApp/Pods-finalYearApp.release.xcconfig"; sourceTree = "<group>"; };
/* End PBXFileReference section */

/* Begin PBXFrameworksBuildPhase section */
		3FD2362A201A32D600E20854 /* Frameworks */ = {
			isa = PBXFrameworksBuildPhase;
			buildActionMask = 2147483647;
			files = (
				01464C2914785CB7FF009DC8 /* Pods_finalYearApp.framework in Frameworks */,
			);
			runOnlyForDeploymentPostprocessing = 0;
		};
/* End PBXFrameworksBuildPhase section */

/* Begin PBXGroup section */
		3FD23624201A32D600E20854 = {
			isa = PBXGroup;
			children = (
				3FD2362F201A32D600E20854 /* finalYearApp */,
				3FD2362E201A32D600E20854 /* Products */,
				7DE4DFAD71FAA8429273925C /* Pods */,
				E5A2DD5178C09746A5CD784F /* Frameworks */,
			);
			sourceTree = "<group>";
		};
		3FD2362E201A32D600E20854 /* Products */ = {
			isa = PBXGroup;
			children = (
				3FD2362D201A32D600E20854 /* finalYearApp.app */,
			);
			name = Products;
			sourceTree = "<group>";
		};
		3FD2362F201A32D600E20854 /* finalYearApp */ = {
			isa = PBXGroup;
			children = (
				3F6BC5C5201A3F2A00675F76 /* LoggedInViewController.swift */,
				3FD23630201A32D600E20854 /* AppDelegate.swift */,
				3F39256720210F420028580A /* LaunchViewController.swift */,
				3F3925652020D9860028580A /* ProfileViewController.swift */,
				3F3925692024784A0028580A /* LoginViewController.swift */,
				3F2FE75B202B04340072E102 /* ColourConstants.swift */,
				3FEA30362028BAD4008C1D24 /* CreateNewUserViewController.swift */,
				3FEA303220248FF8008C1D24 /* UploadImageManager.swift */,
				3FEA303420249076008C1D24 /* PostStorage.swift */,
				3FBC8CA9201F311E0082F993 /* CameraViewController.swift */,
				3F2FE759202B025B0072E102 /* UIViewExtension.swift */,
				3FD23634201A32D600E20854 /* Main.storyboard */,
				3FD23637201A32D600E20854 /* Assets.xcassets */,
				3FD23639201A32D600E20854 /* LaunchScreen.storyboard */,
				3FD23642201A33A600E20854 /* GoogleService-Info.plist */,
				3FD2363C201A32D600E20854 /* Info.plist */,
			);
			path = finalYearApp;
			sourceTree = "<group>";
		};
		7DE4DFAD71FAA8429273925C /* Pods */ = {
			isa = PBXGroup;
			children = (
				7A49D4354D535886B146CE99 /* Pods-finalYearApp.debug.xcconfig */,
				B25485103249F0F6C0179F90 /* Pods-finalYearApp.release.xcconfig */,
			);
			name = Pods;
			sourceTree = "<group>";
		};
		E5A2DD5178C09746A5CD784F /* Frameworks */ = {
			isa = PBXGroup;
			children = (
				A8016739C17AA56DC054197F /* Pods_finalYearApp.framework */,
			);
			name = Frameworks;
			sourceTree = "<group>";
		};
/* End PBXGroup section */

/* Begin PBXNativeTarget section */
		3FD2362C201A32D600E20854 /* finalYearApp */ = {
			isa = PBXNativeTarget;
			buildConfigurationList = 3FD2363F201A32D600E20854 /* Build configuration list for PBXNativeTarget "finalYearApp" */;
			buildPhases = (
				52945BB980E8073A00FEAABE /* [CP] Check Pods Manifest.lock */,
				3FD23629201A32D600E20854 /* Sources */,
				3FD2362A201A32D600E20854 /* Frameworks */,
				3FD2362B201A32D600E20854 /* Resources */,
				6BD19155AED11D3AFF377D1B /* [CP] Embed Pods Frameworks */,
				F4A77B6BB02850A6269F9581 /* [CP] Copy Pods Resources */,
			);
			buildRules = (
			);
			dependencies = (
			);
			name = finalYearApp;
			productName = finalYearApp;
			productReference = 3FD2362D201A32D600E20854 /* finalYearApp.app */;
			productType = "com.apple.product-type.application";
		};
/* End PBXNativeTarget section */

/* Begin PBXProject section */
		3FD23625201A32D600E20854 /* Project object */ = {
			isa = PBXProject;
			attributes = {
				LastSwiftUpdateCheck = 0920;
				LastUpgradeCheck = 0920;
				ORGANIZATIONNAME = Student;
				TargetAttributes = {
					3FD2362C201A32D600E20854 = {
						CreatedOnToolsVersion = 9.2;
						ProvisioningStyle = Automatic;
					};
				};
			};
			buildConfigurationList = 3FD23628201A32D600E20854 /* Build configuration list for PBXProject "finalYearApp" */;
			compatibilityVersion = "Xcode 8.0";
			developmentRegion = en;
			hasScannedForEncodings = 0;
			knownRegions = (
				en,
				Base,
			);
			mainGroup = 3FD23624201A32D600E20854;
			productRefGroup = 3FD2362E201A32D600E20854 /* Products */;
			projectDirPath = "";
			projectRoot = "";
			targets = (
				3FD2362C201A32D600E20854 /* finalYearApp */,
			);
		};
/* End PBXProject section */

/* Begin PBXResourcesBuildPhase section */
		3FD2362B201A32D600E20854 /* Resources */ = {
			isa = PBXResourcesBuildPhase;
			buildActionMask = 2147483647;
			files = (
				3FD2363B201A32D600E20854 /* LaunchScreen.storyboard in Resources */,
				3FD23643201A33A600E20854 /* GoogleService-Info.plist in Resources */,
				3FD23638201A32D600E20854 /* Assets.xcassets in Resources */,
				3FD23636201A32D600E20854 /* Main.storyboard in Resources */,
			);
			runOnlyForDeploymentPostprocessing = 0;
		};
/* End PBXResourcesBuildPhase section */

/* Begin PBXShellScriptBuildPhase section */
		52945BB980E8073A00FEAABE /* [CP] Check Pods Manifest.lock */ = {
			isa = PBXShellScriptBuildPhase;
			buildActionMask = 2147483647;
			files = (
			);
			inputPaths = (
				"${PODS_PODFILE_DIR_PATH}/Podfile.lock",
				"${PODS_ROOT}/Manifest.lock",
			);
			name = "[CP] Check Pods Manifest.lock";
			outputPaths = (
				"$(DERIVED_FILE_DIR)/Pods-finalYearApp-checkManifestLockResult.txt",
			);
			runOnlyForDeploymentPostprocessing = 0;
			shellPath = /bin/sh;
			shellScript = "diff \"${PODS_PODFILE_DIR_PATH}/Podfile.lock\" \"${PODS_ROOT}/Manifest.lock\" > /dev/null\nif [ $? != 0 ] ; then\n    # print error to STDERR\n    echo \"error: The sandbox is not in sync with the Podfile.lock. Run 'pod install' or update your CocoaPods installation.\" >&2\n    exit 1\nfi\n# This output is used by Xcode 'outputs' to avoid re-running this script phase.\necho \"SUCCESS\" > \"${SCRIPT_OUTPUT_FILE_0}\"\n";
			showEnvVarsInLog = 0;
		};
		6BD19155AED11D3AFF377D1B /* [CP] Embed Pods Frameworks */ = {
			isa = PBXShellScriptBuildPhase;
			buildActionMask = 2147483647;
			files = (
			);
			inputPaths = (
				"${SRCROOT}/Pods/Target Support Files/Pods-finalYearApp/Pods-finalYearApp-frameworks.sh",
				"${BUILT_PRODUCTS_DIR}/GTMSessionFetcher/GTMSessionFetcher.framework",
				"${BUILT_PRODUCTS_DIR}/GoogleToolboxForMac/GoogleToolboxForMac.framework",
				"${BUILT_PRODUCTS_DIR}/TextFieldEffects/TextFieldEffects.framework",
				"${BUILT_PRODUCTS_DIR}/leveldb-library/leveldb.framework",
				"${BUILT_PRODUCTS_DIR}/nanopb/nanopb.framework",
			);
			name = "[CP] Embed Pods Frameworks";
			outputPaths = (
				"${TARGET_BUILD_DIR}/${FRAMEWORKS_FOLDER_PATH}/GTMSessionFetcher.framework",
				"${TARGET_BUILD_DIR}/${FRAMEWORKS_FOLDER_PATH}/GoogleToolboxForMac.framework",
				"${TARGET_BUILD_DIR}/${FRAMEWORKS_FOLDER_PATH}/TextFieldEffects.framework",
				"${TARGET_BUILD_DIR}/${FRAMEWORKS_FOLDER_PATH}/leveldb.framework",
				"${TARGET_BUILD_DIR}/${FRAMEWORKS_FOLDER_PATH}/nanopb.framework",
			);
			runOnlyForDeploymentPostprocessing = 0;
			shellPath = /bin/sh;
			shellScript = "\"${SRCROOT}/Pods/Target Support Files/Pods-finalYearApp/Pods-finalYearApp-frameworks.sh\"\n";
			showEnvVarsInLog = 0;
		};
		F4A77B6BB02850A6269F9581 /* [CP] Copy Pods Resources */ = {
			isa = PBXShellScriptBuildPhase;
			buildActionMask = 2147483647;
			files = (
			);
			inputPaths = (
			);
			name = "[CP] Copy Pods Resources";
			outputPaths = (
			);
			runOnlyForDeploymentPostprocessing = 0;
			shellPath = /bin/sh;
			shellScript = "\"${SRCROOT}/Pods/Target Support Files/Pods-finalYearApp/Pods-finalYearApp-resources.sh\"\n";
			showEnvVarsInLog = 0;
		};
/* End PBXShellScriptBuildPhase section */

/* Begin PBXSourcesBuildPhase section */
		3FD23629201A32D600E20854 /* Sources */ = {
			isa = PBXSourcesBuildPhase;
			buildActionMask = 2147483647;
			files = (
				3F2FE75C202B04340072E102 /* ColourConstants.swift in Sources */,
				3F2FE75A202B025B0072E102 /* UIViewExtension.swift in Sources */,
				3FEA303520249076008C1D24 /* PostStorage.swift in Sources */,
				3F3925662020D9860028580A /* ProfileViewController.swift in Sources */,
				3FEA303320248FF8008C1D24 /* UploadImageManager.swift in Sources */,
				3F6BC5C6201A3F2A00675F76 /* LoggedInViewController.swift in Sources */,
				3FBC8CAA201F311E0082F993 /* CameraViewController.swift in Sources */,
				3F39256A2024784A0028580A /* LoginViewController.swift in Sources */,
				3FEA30372028BAD4008C1D24 /* CreateNewUserViewController.swift in Sources */,
				3F39256820210F420028580A /* LaunchViewController.swift in Sources */,
				3FD23631201A32D600E20854 /* AppDelegate.swift in Sources */,
			);
			runOnlyForDeploymentPostprocessing = 0;
		};
/* End PBXSourcesBuildPhase section */

/* Begin PBXVariantGroup section */
		3FD23634201A32D600E20854 /* Main.storyboard */ = {
			isa = PBXVariantGroup;
			children = (
				3FD23635201A32D600E20854 /* Base */,
			);
			name = Main.storyboard;
			sourceTree = "<group>";
		};
		3FD23639201A32D600E20854 /* LaunchScreen.storyboard */ = {
			isa = PBXVariantGroup;
			children = (
				3FD2363A201A32D600E20854 /* Base */,
			);
			name = LaunchScreen.storyboard;
			sourceTree = "<group>";
		};
/* End PBXVariantGroup section */

/* Begin XCBuildConfiguration section */
		3FD2363D201A32D600E20854 /* Debug */ = {
			isa = XCBuildConfiguration;
			buildSettings = {
				ALWAYS_SEARCH_USER_PATHS = NO;
				CLANG_ANALYZER_NONNULL = YES;
				CLANG_ANALYZER_NUMBER_OBJECT_CONVERSION = YES_AGGRESSIVE;
				CLANG_CXX_LANGUAGE_STANDARD = "gnu++14";
				CLANG_CXX_LIBRARY = "libc++";
				CLANG_ENABLE_MODULES = YES;
				CLANG_ENABLE_OBJC_ARC = YES;
				CLANG_WARN_BLOCK_CAPTURE_AUTORELEASING = YES;
				CLANG_WARN_BOOL_CONVERSION = YES;
				CLANG_WARN_COMMA = YES;
				CLANG_WARN_CONSTANT_CONVERSION = YES;
				CLANG_WARN_DIRECT_OBJC_ISA_USAGE = YES_ERROR;
				CLANG_WARN_DOCUMENTATION_COMMENTS = YES;
				CLANG_WARN_EMPTY_BODY = YES;
				CLANG_WARN_ENUM_CONVERSION = YES;
				CLANG_WARN_INFINITE_RECURSION = YES;
				CLANG_WARN_INT_CONVERSION = YES;
				CLANG_WARN_NON_LITERAL_NULL_CONVERSION = YES;
				CLANG_WARN_OBJC_LITERAL_CONVERSION = YES;
				CLANG_WARN_OBJC_ROOT_CLASS = YES_ERROR;
				CLANG_WARN_RANGE_LOOP_ANALYSIS = YES;
				CLANG_WARN_STRICT_PROTOTYPES = YES;
				CLANG_WARN_SUSPICIOUS_MOVE = YES;
				CLANG_WARN_UNGUARDED_AVAILABILITY = YES_AGGRESSIVE;
				CLANG_WARN_UNREACHABLE_CODE = YES;
				CLANG_WARN__DUPLICATE_METHOD_MATCH = YES;
				CODE_SIGN_IDENTITY = "iPhone Developer";
				COPY_PHASE_STRIP = NO;
				DEBUG_INFORMATION_FORMAT = dwarf;
				ENABLE_STRICT_OBJC_MSGSEND = YES;
				ENABLE_TESTABILITY = YES;
				GCC_C_LANGUAGE_STANDARD = gnu11;
				GCC_DYNAMIC_NO_PIC = NO;
				GCC_NO_COMMON_BLOCKS = YES;
				GCC_OPTIMIZATION_LEVEL = 0;
				GCC_PREPROCESSOR_DEFINITIONS = (
					"DEBUG=1",
					"$(inherited)",
				);
				GCC_WARN_64_TO_32_BIT_CONVERSION = YES;
				GCC_WARN_ABOUT_RETURN_TYPE = YES_ERROR;
				GCC_WARN_UNDECLARED_SELECTOR = YES;
				GCC_WARN_UNINITIALIZED_AUTOS = YES_AGGRESSIVE;
				GCC_WARN_UNUSED_FUNCTION = YES;
				GCC_WARN_UNUSED_VARIABLE = YES;
				IPHONEOS_DEPLOYMENT_TARGET = 11.2;
				MTL_ENABLE_DEBUG_INFO = YES;
				ONLY_ACTIVE_ARCH = YES;
				SDKROOT = iphoneos;
				SWIFT_ACTIVE_COMPILATION_CONDITIONS = DEBUG;
				SWIFT_OPTIMIZATION_LEVEL = "-Onone";
			};
			name = Debug;
		};
		3FD2363E201A32D600E20854 /* Release */ = {
			isa = XCBuildConfiguration;
			buildSettings = {
				ALWAYS_SEARCH_USER_PATHS = NO;
				CLANG_ANALYZER_NONNULL = YES;
				CLANG_ANALYZER_NUMBER_OBJECT_CONVERSION = YES_AGGRESSIVE;
				CLANG_CXX_LANGUAGE_STANDARD = "gnu++14";
				CLANG_CXX_LIBRARY = "libc++";
				CLANG_ENABLE_MODULES = YES;
				CLANG_ENABLE_OBJC_ARC = YES;
				CLANG_WARN_BLOCK_CAPTURE_AUTORELEASING = YES;
				CLANG_WARN_BOOL_CONVERSION = YES;
				CLANG_WARN_COMMA = YES;
				CLANG_WARN_CONSTANT_CONVERSION = YES;
				CLANG_WARN_DIRECT_OBJC_ISA_USAGE = YES_ERROR;
				CLANG_WARN_DOCUMENTATION_COMMENTS = YES;
				CLANG_WARN_EMPTY_BODY = YES;
				CLANG_WARN_ENUM_CONVERSION = YES;
				CLANG_WARN_INFINITE_RECURSION = YES;
				CLANG_WARN_INT_CONVERSION = YES;
				CLANG_WARN_NON_LITERAL_NULL_CONVERSION = YES;
				CLANG_WARN_OBJC_LITERAL_CONVERSION = YES;
				CLANG_WARN_OBJC_ROOT_CLASS = YES_ERROR;
				CLANG_WARN_RANGE_LOOP_ANALYSIS = YES;
				CLANG_WARN_STRICT_PROTOTYPES = YES;
				CLANG_WARN_SUSPICIOUS_MOVE = YES;
				CLANG_WARN_UNGUARDED_AVAILABILITY = YES_AGGRESSIVE;
				CLANG_WARN_UNREACHABLE_CODE = YES;
				CLANG_WARN__DUPLICATE_METHOD_MATCH = YES;
				CODE_SIGN_IDENTITY = "iPhone Developer";
				COPY_PHASE_STRIP = NO;
				DEBUG_INFORMATION_FORMAT = "dwarf-with-dsym";
				ENABLE_NS_ASSERTIONS = NO;
				ENABLE_STRICT_OBJC_MSGSEND = YES;
				GCC_C_LANGUAGE_STANDARD = gnu11;
				GCC_NO_COMMON_BLOCKS = YES;
				GCC_WARN_64_TO_32_BIT_CONVERSION = YES;
				GCC_WARN_ABOUT_RETURN_TYPE = YES_ERROR;
				GCC_WARN_UNDECLARED_SELECTOR = YES;
				GCC_WARN_UNINITIALIZED_AUTOS = YES_AGGRESSIVE;
				GCC_WARN_UNUSED_FUNCTION = YES;
				GCC_WARN_UNUSED_VARIABLE = YES;
				IPHONEOS_DEPLOYMENT_TARGET = 11.2;
				MTL_ENABLE_DEBUG_INFO = NO;
				SDKROOT = iphoneos;
				SWIFT_OPTIMIZATION_LEVEL = "-Owholemodule";
				VALIDATE_PRODUCT = YES;
			};
			name = Release;
		};
		3FD23640201A32D600E20854 /* Debug */ = {
			isa = XCBuildConfiguration;
			baseConfigurationReference = 7A49D4354D535886B146CE99 /* Pods-finalYearApp.debug.xcconfig */;
			buildSettings = {
				ASSETCATALOG_COMPILER_APPICON_NAME = AppIcon;
				CODE_SIGN_STYLE = Automatic;
				DEVELOPMENT_TEAM = 52293P72D7;
				INFOPLIST_FILE = finalYearApp/Info.plist;
				LD_RUNPATH_SEARCH_PATHS = "$(inherited) @executable_path/Frameworks";
				PRODUCT_BUNDLE_IDENTIFIER = com.gracemiller.finalYearApp;
				PRODUCT_NAME = "$(TARGET_NAME)";
				SWIFT_VERSION = 4.0;
				TARGETED_DEVICE_FAMILY = "1,2";
			};
			name = Debug;
		};
		3FD23641201A32D600E20854 /* Release */ = {
			isa = XCBuildConfiguration;
			baseConfigurationReference = B25485103249F0F6C0179F90 /* Pods-finalYearApp.release.xcconfig */;
			buildSettings = {
				ASSETCATALOG_COMPILER_APPICON_NAME = AppIcon;
				CODE_SIGN_STYLE = Automatic;
				DEVELOPMENT_TEAM = 52293P72D7;
				INFOPLIST_FILE = finalYearApp/Info.plist;
				LD_RUNPATH_SEARCH_PATHS = "$(inherited) @executable_path/Frameworks";
				PRODUCT_BUNDLE_IDENTIFIER = com.gracemiller.finalYearApp;
				PRODUCT_NAME = "$(TARGET_NAME)";
				SWIFT_VERSION = 4.0;
				TARGETED_DEVICE_FAMILY = "1,2";
			};
			name = Release;
		};
/* End XCBuildConfiguration section */

/* Begin XCConfigurationList section */
		3FD23628201A32D600E20854 /* Build configuration list for PBXProject "finalYearApp" */ = {
			isa = XCConfigurationList;
			buildConfigurations = (
				3FD2363D201A32D600E20854 /* Debug */,
				3FD2363E201A32D600E20854 /* Release */,
			);
			defaultConfigurationIsVisible = 0;
			defaultConfigurationName = Release;
		};
		3FD2363F201A32D600E20854 /* Build configuration list for PBXNativeTarget "finalYearApp" */ = {
			isa = XCConfigurationList;
			buildConfigurations = (
				3FD23640201A32D600E20854 /* Debug */,
				3FD23641201A32D600E20854 /* Release */,
			);
			defaultConfigurationIsVisible = 0;
			defaultConfigurationName = Release;
		};
/* End XCConfigurationList section */
	};
	rootObject = 3FD23625201A32D600E20854 /* Project object */;
}
